{
  "name": "ISM",
  "lockfileVersion": 3,
  "requires": true,
  "packages": {
    "": {
      "dependencies": {
        "@sumup/performance-observer": "^1.0.2",
        "@thinkeloquent/browser-resource-timing": "^0.0.1",
        "fast-speedtest-api": "^0.3.2"
      }
    },
    "node_modules/@sumup/performance-observer": {
      "version": "1.0.2",
      "resolved": "https://registry.npmjs.org/@sumup/performance-observer/-/performance-observer-1.0.2.tgz",
      "integrity": "sha512-KE4ZY60a4fhCdXWatttNAX+sfyb05CXTBN9xqcUPotNRe2F+B5RV+ZapDBuOuyQGi6e1AaNiMxdirXAsqRsb4Q=="
    },
    "node_modules/@thinkeloquent/browser-resource-timing": {
      "version": "0.0.1",
      "resolved": "https://registry.npmjs.org/@thinkeloquent/browser-resource-timing/-/browser-resource-timing-0.0.1.tgz",
      "integrity": "sha512-4thTOTRshQttABh6Dzi1kuC0IasYIGVOZ5K+YyKoNpXKPE+t435jp29L1eWTMyElNTYBwLoRyq90DSmNzQMF9w=="
    },
    "node_modules/fast-speedtest-api": {
      "version": "0.3.2",
      "resolved": "https://registry.npmjs.org/fast-speedtest-api/-/fast-speedtest-api-0.3.2.tgz",
      "integrity": "sha512-QEfo3wytVo3x/ds4grti1nJUGZhmgdX9OpQbkXc6levJamjUFenb1SdbiVYhrTx27pvOAHSJOAXMu62K0dIEDQ==",
      "bin": {
        "fast-speedtest": "src/cli.js"
      },
      "engines": {
        "node": ">=7.10.1"
      }
    }
  }
}
